// !$*UTF8*$!
{
	archiveVersion = 1;
	classes = {
	};
	objectVersion = 50;
	objects = {

/* Begin PBXBuildFile section */
		82D79E0924AAE46B00E0CDD2 /* AppDelegate.swift in Sources */ = {isa = PBXBuildFile; fileRef = 82D79E0824AAE46B00E0CDD2 /* AppDelegate.swift */; };
		82D79E0B24AAE46B00E0CDD2 /* SceneDelegate.swift in Sources */ = {isa = PBXBuildFile; fileRef = 82D79E0A24AAE46B00E0CDD2 /* SceneDelegate.swift */; };
		82D79E0D24AAE46B00E0CDD2 /* ViewController.swift in Sources */ = {isa = PBXBuildFile; fileRef = 82D79E0C24AAE46B00E0CDD2 /* ViewController.swift */; };
		82D79E1024AAE46B00E0CDD2 /* Main.storyboard in Resources */ = {isa = PBXBuildFile; fileRef = 82D79E0E24AAE46B00E0CDD2 /* Main.storyboard */; };
		82D79E1224AAE46D00E0CDD2 /* Assets.xcassets in Resources */ = {isa = PBXBuildFile; fileRef = 82D79E1124AAE46D00E0CDD2 /* Assets.xcassets */; };
		82D79E1524AAE46D00E0CDD2 /* LaunchScreen.storyboard in Resources */ = {isa = PBXBuildFile; fileRef = 82D79E1324AAE46D00E0CDD2 /* LaunchScreen.storyboard */; };
/* End PBXBuildFile section */

/* Begin PBXFileReference section */
		82D79E0524AAE46B00E0CDD2 /* Youtube App.app */ = {isa = PBXFileReference; explicitFileType = wrapper.application; includeInIndex = 0; path = "Youtube App.app"; sourceTree = BUILT_PRODUCTS_DIR; };
		82D79E0824AAE46B00E0CDD2 /* AppDelegate.swift */ = {isa = PBXFileReference; lastKnownFileType = sourcecode.swift; path = AppDelegate.swift; sourceTree = "<group>"; };
		82D79E0A24AAE46B00E0CDD2 /* SceneDelegate.swift */ = {isa = PBXFileReference; lastKnownFileType = sourcecode.swift; path = SceneDelegate.swift; sourceTree = "<group>"; };
		82D79E0C24AAE46B00E0CDD2 /* ViewController.swift */ = {isa = PBXFileReference; lastKnownFileType = sourcecode.swift; path = ViewController.swift; sourceTree = "<group>"; };
		82D79E0F24AAE46B00E0CDD2 /* Base */ = {isa = PBXFileReference; lastKnownFileType = file.storyboard; name = Base; path = Base.lproj/Main.storyboard; sourceTree = "<group>"; };
		82D79E1124AAE46D00E0CDD2 /* Assets.xcassets */ = {isa = PBXFileReference; lastKnownFileType = folder.assetcatalog; path = Assets.xcassets; sourceTree = "<group>"; };
		82D79E1424AAE46D00E0CDD2 /* Base */ = {isa = PBXFileReference; lastKnownFileType = file.storyboard; name = Base; path = Base.lproj/LaunchScreen.storyboard; sourceTree = "<group>"; };
		82D79E1624AAE46D00E0CDD2 /* Info.plist */ = {isa = PBXFileReference; lastKnownFileType = text.plist.xml; path = Info.plist; sourceTree = "<group>"; };
/* End PBXFileReference section */

/* Begin PBXFrameworksBuildPhase section */
		82D79E0224AAE46B00E0CDD2 /* Frameworks */ = {
			isa = PBXFrameworksBuildPhase;
			buildActionMask = 2147483647;
			files = (
			);
			runOnlyForDeploymentPostprocessing = 0;
		};
/* End PBXFrameworksBuildPhase section */

/* Begin PBXGroup section */
		82D79DFC24AAE46B00E0CDD2 = {
			isa = PBXGroup;
			children = (
				82D79E0724AAE46B00E0CDD2 /* Youtube App */,
				82D79E0624AAE46B00E0CDD2 /* Products */,
			);
			sourceTree = "<group>";
		};
		82D79E0624AAE46B00E0CDD2 /* Products */ = {
			isa = PBXGroup;
			children = (
				82D79E0524AAE46B00E0CDD2 /* Youtube App.app */,
			);
			name = Products;
			sourceTree = "<group>";
		};
		82D79E0724AAE46B00E0CDD2 /* Youtube App */ = {
			isa = PBXGroup;
			children = (
				82D79E0824AAE46B00E0CDD2 /* AppDelegate.swift */,
				82D79E0A24AAE46B00E0CDD2 /* SceneDelegate.swift */,
				82D79E0C24AAE46B00E0CDD2 /* ViewController.swift */,
				82D79E0E24AAE46B00E0CDD2 /* Main.storyboard */,
				82D79E1124AAE46D00E0CDD2 /* Assets.xcassets */,
				82D79E1324AAE46D00E0CDD2 /* LaunchScreen.storyboard */,
				82D79E1624AAE46D00E0CDD2 /* Info.plist */,
			);
			path = "Youtube App";
			sourceTree = "<group>";
		};
/* End PBXGroup section */

/* Begin PBXNativeTarget section */
		82D79E0424AAE46B00E0CDD2 /* Youtube App */ = {
			isa = PBXNativeTarget;
			buildConfigurationList = 82D79E1924AAE46D00E0CDD2 /* Build configuration list for PBXNativeTarget "Youtube App" */;
			buildPhases = (
				82D79E0124AAE46B00E0CDD2 /* Sources */,
				82D79E0224AAE46B00E0CDD2 /* Frameworks */,
				82D79E0324AAE46B00E0CDD2 /* Resources */,
			);
			buildRules = (
			);
			dependencies = (
			);
			name = "Youtube App";
			productName = "Youtube App";
			productReference = 82D79E0524AAE46B00E0CDD2 /* Youtube App.app */;
			productType = "com.apple.product-type.application";
		};
/* End PBXNativeTarget section */

/* Begin PBXProject section */
		82D79DFD24AAE46B00E0CDD2 /* Project object */ = {
			isa = PBXProject;
			attributes = {
				LastSwiftUpdateCheck = 1150;
				LastUpgradeCheck = 1150;
				ORGANIZATIONNAME = "Andrew Muniz";
				TargetAttributes = {
					82D79E0424AAE46B00E0CDD2 = {
						CreatedOnToolsVersion = 11.5;
					};
				};
			};
			buildConfigurationList = 82D79E0024AAE46B00E0CDD2 /* Build configuration list for PBXProject "Youtube App" */;
			compatibilityVersion = "Xcode 9.3";
			developmentRegion = en;
			hasScannedForEncodings = 0;
			knownRegions = (
				en,
				Base,
			);
			mainGroup = 82D79DFC24AAE46B00E0CDD2;
			productRefGroup = 82D79E0624AAE46B00E0CDD2 /* Products */;
			projectDirPath = "";
			projectRoot = "";
			targets = (
				82D79E0424AAE46B00E0CDD2 /* Youtube App */,
			);
		};
/* End PBXProject section */

/* Begin PBXResourcesBuildPhase section */
		82D79E0324AAE46B00E0CDD2 /* Resources */ = {
			isa = PBXResourcesBuildPhase;
			buildActionMask = 2147483647;
			files = (
				82D79E1524AAE46D00E0CDD2 /* LaunchScreen.storyboard in Resources */,
				82D79E1224AAE46D00E0CDD2 /* Assets.xcassets in Resources */,
				82D79E1024AAE46B00E0CDD2 /* Main.storyboard in Resources */,
			);
			runOnlyForDeploymentPostprocessing = 0;
		};
/* End PBXResourcesBuildPhase section */

/* Begin PBXSourcesBuildPhase section */
		82D79E0124AAE46B00E0CDD2 /* Sources */ = {
			isa = PBXSourcesBuildPhase;
			buildActionMask = 2147483647;
			files = (
				82D79E0D24AAE46B00E0CDD2 /* ViewController.swift in Sources */,
				82D79E0924AAE46B00E0CDD2 /* AppDelegate.swift in Sources */,
				82D79E0B24AAE46B00E0CDD2 /* SceneDelegate.swift in Sources */,
			);
			runOnlyForDeploymentPostprocessing = 0;
		};
/* End PBXSourcesBuildPhase section */

/* Begin PBXVariantGroup section */
		82D79E0E24AAE46B00E0CDD2 /* Main.storyboard */ = {
			isa = PBXVariantGroup;
			children = (
				82D79E0F24AAE46B00E0CDD2 /* Base */,
			);
			name = Main.storyboard;
			sourceTree = "<group>";
		};
		82D79E1324AAE46D00E0CDD2 /* LaunchScreen.storyboard */ = {
			isa = PBXVariantGroup;
			children = (
				82D79E1424AAE46D00E0CDD2 /* Base */,
			);
			name = LaunchScreen.storyboard;
			sourceTree = "<group>";
		};
/* End PBXVariantGroup section */

/* Begin XCBuildConfiguration section */
		82D79E1724AAE46D00E0CDD2 /* Debug */ = {
			isa = XCBuildConfiguration;
			buildSettings = {
				ALWAYS_SEARCH_USER_PATHS = NO;
				CLANG_ANALYZER_NONNULL = YES;
				CLANG_ANALYZER_NUMBER_OBJECT_CONVERSION = YES_AGGRESSIVE;
				CLANG_CXX_LANGUAGE_STANDARD = "gnu++14";
				CLANG_CXX_LIBRARY = "libc++";
				CLANG_ENABLE_MODULES = YES;
				CLANG_ENABLE_OBJC_ARC = YES;
				CLANG_ENABLE_OBJC_WEAK = YES;
				CLANG_WARN_BLOCK_CAPTURE_AUTORELEASING = YES;
				CLANG_WARN_BOOL_CONVERSION = YES;
				CLANG_WARN_COMMA = YES;
				CLANG_WARN_CONSTANT_CONVERSION = YES;
				CLANG_WARN_DEPRECATED_OBJC_IMPLEMENTATIONS = YES;
				CLANG_WARN_DIRECT_OBJC_ISA_USAGE = YES_ERROR;
				CLANG_WARN_DOCUMENTATION_COMMENTS = YES;
				CLANG_WARN_EMPTY_BODY = YES;
				CLANG_WARN_ENUM_CONVERSION = YES;
				CLANG_WARN_INFINITE_RECURSION = YES;
				CLANG_WARN_INT_CONVERSION = YES;
				CLANG_WARN_NON_LITERAL_NULL_CONVERSION = YES;
				CLANG_WARN_OBJC_IMPLICIT_RETAIN_SELF = YES;
				CLANG_WARN_OBJC_LITERAL_CONVERSION = YES;
				CLANG_WARN_OBJC_ROOT_CLASS = YES_ERROR;
				CLANG_WARN_RANGE_LOOP_ANALYSIS = YES;
				CLANG_WARN_STRICT_PROTOTYPES = YES;
				CLANG_WARN_SUSPICIOUS_MOVE = YES;
				CLANG_WARN_UNGUARDED_AVAILABILITY = YES_AGGRESSIVE;
				CLANG_WARN_UNREACHABLE_CODE = YES;
				CLANG_WARN__DUPLICATE_METHOD_MATCH = YES;
				COPY_PHASE_STRIP = NO;
				DEBUG_INFORMATION_FORMAT = dwarf;
				ENABLE_STRICT_OBJC_MSGSEND = YES;
				ENABLE_TESTABILITY = YES;
				GCC_C_LANGUAGE_STANDARD = gnu11;
				GCC_DYNAMIC_NO_PIC = NO;
				GCC_NO_COMMON_BLOCKS = YES;
				GCC_OPTIMIZATION_LEVEL = 0;
				GCC_PREPROCESSOR_DEFINITIONS = (
					"DEBUG=1",
					"$(inherited)",
				);
				GCC_WARN_64_TO_32_BIT_CONVERSION = YES;
				GCC_WARN_ABOUT_RETURN_TYPE = YES_ERROR;
				GCC_WARN_UNDECLARED_SELECTOR = YES;
				GCC_WARN_UNINITIALIZED_AUTOS = YES_AGGRESSIVE;
				GCC_WARN_UNUSED_FUNCTION = YES;
				GCC_WARN_UNUSED_VARIABLE = YES;
				IPHONEOS_DEPLOYMENT_TARGET = 13.5;
				MTL_ENABLE_DEBUG_INFO = INCLUDE_SOURCE;
				MTL_FAST_MATH = YES;
				ONLY_ACTIVE_ARCH = YES;
				SDKROOT = iphoneos;
				SWIFT_ACTIVE_COMPILATION_CONDITIONS = DEBUG;
				SWIFT_OPTIMIZATION_LEVEL = "-Onone";
			};
			name = Debug;
		};
		82D79E1824AAE46D00E0CDD2 /* Release */ = {
			isa = XCBuildConfiguration;
			buildSettings = {
				ALWAYS_SEARCH_USER_PATHS = NO;
				CLANG_ANALYZER_NONNULL = YES;
				CLANG_ANALYZER_NUMBER_OBJECT_CONVERSION = YES_AGGRESSIVE;
				CLANG_CXX_LANGUAGE_STANDARD = "gnu++14";
				CLANG_CXX_LIBRARY = "libc++";
				CLANG_ENABLE_MODULES = YES;
				CLANG_ENABLE_OBJC_ARC = YES;
				CLANG_ENABLE_OBJC_WEAK = YES;
				CLANG_WARN_BLOCK_CAPTURE_AUTORELEASING = YES;
				CLANG_WARN_BOOL_CONVERSION = YES;
				CLANG_WARN_COMMA = YES;
				CLANG_WARN_CONSTANT_CONVERSION = YES;
				CLANG_WARN_DEPRECATED_OBJC_IMPLEMENTATIONS = YES;
				CLANG_WARN_DIRECT_OBJC_ISA_USAGE = YES_ERROR;
				CLANG_WARN_DOCUMENTATION_COMMENTS = YES;
				CLANG_WARN_EMPTY_BODY = YES;
				CLANG_WARN_ENUM_CONVERSION = YES;
				CLANG_WARN_INFINITE_RECURSION = YES;
				CLANG_WARN_INT_CONVERSION = YES;
				CLANG_WARN_NON_LITERAL_NULL_CONVERSION = YES;
				CLANG_WARN_OBJC_IMPLICIT_RETAIN_SELF = YES;
				CLANG_WARN_OBJC_LITERAL_CONVERSION = YES;
				CLANG_WARN_OBJC_ROOT_CLASS = YES_ERROR;
				CLANG_WARN_RANGE_LOOP_ANALYSIS = YES;
				CLANG_WARN_STRICT_PROTOTYPES = YES;
				CLANG_WARN_SUSPICIOUS_MOVE = YES;
				CLANG_WARN_UNGUARDED_AVAILABILITY = YES_AGGRESSIVE;
				CLANG_WARN_UNREACHABLE_CODE = YES;
				CLANG_WARN__DUPLICATE_METHOD_MATCH = YES;
				COPY_PHASE_STRIP = NO;
				DEBUG_INFORMATION_FORMAT = "dwarf-with-dsym";
				ENABLE_NS_ASSERTIONS = NO;
				ENABLE_STRICT_OBJC_MSGSEND = YES;
				GCC_C_LANGUAGE_STANDARD = gnu11;
				GCC_NO_COMMON_BLOCKS = YES;
				GCC_WARN_64_TO_32_BIT_CONVERSION = YES;
				GCC_WARN_ABOUT_RETURN_TYPE = YES_ERROR;
				GCC_WARN_UNDECLARED_SELECTOR = YES;
				GCC_WARN_UNINITIALIZED_AUTOS = YES_AGGRESSIVE;
				GCC_WARN_UNUSED_FUNCTION = YES;
				GCC_WARN_UNUSED_VARIABLE = YES;
				IPHONEOS_DEPLOYMENT_TARGET = 13.5;
				MTL_ENABLE_DEBUG_INFO = NO;
				MTL_FAST_MATH = YES;
				SDKROOT = iphoneos;
				SWIFT_COMPILATION_MODE = wholemodule;
				SWIFT_OPTIMIZATION_LEVEL = "-O";
				VALIDATE_PRODUCT = YES;
			};
			name = Release;
		};
		82D79E1A24AAE46D00E0CDD2 /* Debug */ = {
			isa = XCBuildConfiguration;
			buildSettings = {
				ASSETCATALOG_COMPILER_APPICON_NAME = AppIcon;
				CODE_SIGN_STYLE = Automatic;
				DEVELOPMENT_TEAM = B4S3BTC38H;
				INFOPLIST_FILE = "Youtube App/Info.plist";
				LD_RUNPATH_SEARCH_PATHS = (
					"$(inherited)",
					"@executable_path/Frameworks",
				);
				PRODUCT_BUNDLE_IDENTIFIER = "com.AndrewMuniz..Youtube-App";
				PRODUCT_NAME = "$(TARGET_NAME)";
				SWIFT_VERSION = 5.0;
				TARGETED_DEVICE_FAMILY = "1,2";
			};
			name = Debug;
		};
		82D79E1B24AAE46D00E0CDD2 /* Release */ = {
			isa = XCBuildConfiguration;
			buildSettings = {
				ASSETCATALOG_COMPILER_APPICON_NAME = AppIcon;
				CODE_SIGN_STYLE = Automatic;
				DEVELOPMENT_TEAM = B4S3BTC38H;
				INFOPLIST_FILE = "Youtube App/Info.plist";
				LD_RUNPATH_SEARCH_PATHS = (
					"$(inherited)",
					"@executable_path/Frameworks",
				);
				PRODUCT_BUNDLE_IDENTIFIER = "com.AndrewMuniz..Youtube-App";
				PRODUCT_NAME = "$(TARGET_NAME)";
				SWIFT_VERSION = 5.0;
				TARGETED_DEVICE_FAMILY = "1,2";
			};
			name = Release;
		};
/* End XCBuildConfiguration section */

/* Begin XCConfigurationList section */
		82D79E0024AAE46B00E0CDD2 /* Build configuration list for PBXProject "Youtube App" */ = {
			isa = XCConfigurationList;
			buildConfigurations = (
				82D79E1724AAE46D00E0CDD2 /* Debug */,
				82D79E1824AAE46D00E0CDD2 /* Release */,
			);
			defaultConfigurationIsVisible = 0;
			defaultConfigurationName = Release;
		};
		82D79E1924AAE46D00E0CDD2 /* Build configuration list for PBXNativeTarget "Youtube App" */ = {
			isa = XCConfigurationList;
			buildConfigurations = (
				82D79E1A24AAE46D00E0CDD2 /* Debug */,
				82D79E1B24AAE46D00E0CDD2 /* Release */,
			);
			defaultConfigurationIsVisible = 0;
			defaultConfigurationName = Release;
		};
/* End XCConfigurationList section */
	};
	rootObject = 82D79DFD24AAE46B00E0CDD2 /* Project object */;
}
